// !$*UTF8*$!
{
	archiveVersion = 1;
	classes = {
	};
	objectVersion = 46;
	objects = {

/* Begin PBXBuildFile section */
		2730FBBC52CC0094C10A48CD /* Pods_WeTalk.framework in Frameworks */ = {isa = PBXBuildFile; fileRef = A7CC3186A16C3B21A1A4861A /* Pods_WeTalk.framework */; };
		550932441D020E540062A7B1 /* ReceiveCell.swift in Sources */ = {isa = PBXBuildFile; fileRef = 550932431D020E540062A7B1 /* ReceiveCell.swift */; };
		550932461D020E650062A7B1 /* SendCell.swift in Sources */ = {isa = PBXBuildFile; fileRef = 550932451D020E650062A7B1 /* SendCell.swift */; };
		550932481D056B840062A7B1 /* FriendCircleCell.swift in Sources */ = {isa = PBXBuildFile; fileRef = 550932471D056B840062A7B1 /* FriendCircleCell.swift */; };
		551020C21CFEFA530095DCEF /* TalkController.swift in Sources */ = {isa = PBXBuildFile; fileRef = 551020C11CFEFA530095DCEF /* TalkController.swift */; };
		5545DC231CEC9310008C8945 /* AppDelegate.swift in Sources */ = {isa = PBXBuildFile; fileRef = 5545DC221CEC9310008C8945 /* AppDelegate.swift */; };
		5545DC281CEC9310008C8945 /* Main.storyboard in Resources */ = {isa = PBXBuildFile; fileRef = 5545DC261CEC9310008C8945 /* Main.storyboard */; };
		5545DC2A1CEC9310008C8945 /* Assets.xcassets in Resources */ = {isa = PBXBuildFile; fileRef = 5545DC291CEC9310008C8945 /* Assets.xcassets */; };
		5545DC2D1CEC9310008C8945 /* LaunchScreen.storyboard in Resources */ = {isa = PBXBuildFile; fileRef = 5545DC2B1CEC9310008C8945 /* LaunchScreen.storyboard */; };
		5545DC381CEC9310008C8945 /* WeTalkUITests.swift in Sources */ = {isa = PBXBuildFile; fileRef = 5545DC371CEC9310008C8945 /* WeTalkUITests.swift */; };
		5545DC451CEC9B1B008C8945 /* TalkListController.swift in Sources */ = {isa = PBXBuildFile; fileRef = 5545DC441CEC9B1B008C8945 /* TalkListController.swift */; };
		5545DC481CEC9D60008C8945 /* TalkListCell.swift in Sources */ = {isa = PBXBuildFile; fileRef = 5545DC461CEC9D60008C8945 /* TalkListCell.swift */; };
		5545DC4B1CECA1C3008C8945 /* ContactListController.swift in Sources */ = {isa = PBXBuildFile; fileRef = 5545DC4A1CECA1C3008C8945 /* ContactListController.swift */; };
		5545DC4D1CECA1D5008C8945 /* FriendCircleController.swift in Sources */ = {isa = PBXBuildFile; fileRef = 5545DC4C1CECA1D5008C8945 /* FriendCircleController.swift */; };
		5545DC501CECAFCE008C8945 /* ContactListCell.swift in Sources */ = {isa = PBXBuildFile; fileRef = 5545DC4E1CECAFCE008C8945 /* ContactListCell.swift */; };
/* End PBXBuildFile section */

/* Begin PBXContainerItemProxy section */
		5545DC341CEC9310008C8945 /* PBXContainerItemProxy */ = {
			isa = PBXContainerItemProxy;
			containerPortal = 5545DC171CEC9310008C8945 /* Project object */;
			proxyType = 1;
			remoteGlobalIDString = 5545DC1E1CEC9310008C8945;
			remoteInfo = WeTalk;
		};
/* End PBXContainerItemProxy section */

/* Begin PBXFileReference section */
		2D77B0885F605E5AE7F9C780 /* Pods-WeTalk.debug.xcconfig */ = {isa = PBXFileReference; includeInIndex = 1; lastKnownFileType = text.xcconfig; name = "Pods-WeTalk.debug.xcconfig"; path = "Pods/Target Support Files/Pods-WeTalk/Pods-WeTalk.debug.xcconfig"; sourceTree = "<group>"; };
		550932431D020E540062A7B1 /* ReceiveCell.swift */ = {isa = PBXFileReference; fileEncoding = 4; lastKnownFileType = sourcecode.swift; path = ReceiveCell.swift; sourceTree = "<group>"; };
		550932451D020E650062A7B1 /* SendCell.swift */ = {isa = PBXFileReference; fileEncoding = 4; lastKnownFileType = sourcecode.swift; path = SendCell.swift; sourceTree = "<group>"; };
		550932471D056B840062A7B1 /* FriendCircleCell.swift */ = {isa = PBXFileReference; fileEncoding = 4; lastKnownFileType = sourcecode.swift; path = FriendCircleCell.swift; sourceTree = "<group>"; };
		551020C11CFEFA530095DCEF /* TalkController.swift */ = {isa = PBXFileReference; fileEncoding = 4; lastKnownFileType = sourcecode.swift; path = TalkController.swift; sourceTree = "<group>"; };
		5545DC1F1CEC9310008C8945 /* WeTalk.app */ = {isa = PBXFileReference; explicitFileType = wrapper.application; includeInIndex = 0; path = WeTalk.app; sourceTree = BUILT_PRODUCTS_DIR; };
		5545DC221CEC9310008C8945 /* AppDelegate.swift */ = {isa = PBXFileReference; lastKnownFileType = sourcecode.swift; path = AppDelegate.swift; sourceTree = "<group>"; };
		5545DC271CEC9310008C8945 /* Base */ = {isa = PBXFileReference; lastKnownFileType = file.storyboard; name = Base; path = Base.lproj/Main.storyboard; sourceTree = "<group>"; };
		5545DC291CEC9310008C8945 /* Assets.xcassets */ = {isa = PBXFileReference; lastKnownFileType = folder.assetcatalog; path = Assets.xcassets; sourceTree = "<group>"; };
		5545DC2C1CEC9310008C8945 /* Base */ = {isa = PBXFileReference; lastKnownFileType = file.storyboard; name = Base; path = Base.lproj/LaunchScreen.storyboard; sourceTree = "<group>"; };
		5545DC2E1CEC9310008C8945 /* Info.plist */ = {isa = PBXFileReference; lastKnownFileType = text.plist.xml; path = Info.plist; sourceTree = "<group>"; };
		5545DC331CEC9310008C8945 /* WeTalkUITests.xctest */ = {isa = PBXFileReference; explicitFileType = wrapper.cfbundle; includeInIndex = 0; path = WeTalkUITests.xctest; sourceTree = BUILT_PRODUCTS_DIR; };
		5545DC371CEC9310008C8945 /* WeTalkUITests.swift */ = {isa = PBXFileReference; lastKnownFileType = sourcecode.swift; path = WeTalkUITests.swift; sourceTree = "<group>"; };
		5545DC391CEC9310008C8945 /* Info.plist */ = {isa = PBXFileReference; lastKnownFileType = text.plist.xml; path = Info.plist; sourceTree = "<group>"; };
		5545DC441CEC9B1B008C8945 /* TalkListController.swift */ = {isa = PBXFileReference; fileEncoding = 4; lastKnownFileType = sourcecode.swift; path = TalkListController.swift; sourceTree = "<group>"; };
		5545DC461CEC9D60008C8945 /* TalkListCell.swift */ = {isa = PBXFileReference; fileEncoding = 4; lastKnownFileType = sourcecode.swift; path = TalkListCell.swift; sourceTree = "<group>"; };
		5545DC4A1CECA1C3008C8945 /* ContactListController.swift */ = {isa = PBXFileReference; fileEncoding = 4; lastKnownFileType = sourcecode.swift; path = ContactListController.swift; sourceTree = "<group>"; };
		5545DC4C1CECA1D5008C8945 /* FriendCircleController.swift */ = {isa = PBXFileReference; fileEncoding = 4; lastKnownFileType = sourcecode.swift; path = FriendCircleController.swift; sourceTree = "<group>"; };
		5545DC4E1CECAFCE008C8945 /* ContactListCell.swift */ = {isa = PBXFileReference; fileEncoding = 4; lastKnownFileType = sourcecode.swift; path = ContactListCell.swift; sourceTree = "<group>"; };
		A7CC3186A16C3B21A1A4861A /* Pods_WeTalk.framework */ = {isa = PBXFileReference; explicitFileType = wrapper.framework; includeInIndex = 0; path = Pods_WeTalk.framework; sourceTree = BUILT_PRODUCTS_DIR; };
		AC238FD222D90485966A47F6 /* Pods-WeTalk.release.xcconfig */ = {isa = PBXFileReference; includeInIndex = 1; lastKnownFileType = text.xcconfig; name = "Pods-WeTalk.release.xcconfig"; path = "Pods/Target Support Files/Pods-WeTalk/Pods-WeTalk.release.xcconfig"; sourceTree = "<group>"; };
/* End PBXFileReference section */

/* Begin PBXFrameworksBuildPhase section */
		5545DC1C1CEC9310008C8945 /* Frameworks */ = {
			isa = PBXFrameworksBuildPhase;
			buildActionMask = 2147483647;
			files = (
				2730FBBC52CC0094C10A48CD /* Pods_WeTalk.framework in Frameworks */,
			);
			runOnlyForDeploymentPostprocessing = 0;
		};
		5545DC301CEC9310008C8945 /* Frameworks */ = {
			isa = PBXFrameworksBuildPhase;
			buildActionMask = 2147483647;
			files = (
			);
			runOnlyForDeploymentPostprocessing = 0;
		};
/* End PBXFrameworksBuildPhase section */

/* Begin PBXGroup section */
		002C72EC6D0AB0B2DC0F2227 /* Pods */ = {
			isa = PBXGroup;
			children = (
				2D77B0885F605E5AE7F9C780 /* Pods-WeTalk.debug.xcconfig */,
				AC238FD222D90485966A47F6 /* Pods-WeTalk.release.xcconfig */,
			);
			name = Pods;
			sourceTree = "<group>";
		};
		233718E3AF3C298FE49F4056 /* Frameworks */ = {
			isa = PBXGroup;
			children = (
				A7CC3186A16C3B21A1A4861A /* Pods_WeTalk.framework */,
			);
			name = Frameworks;
			sourceTree = "<group>";
		};
		5545DC161CEC9310008C8945 = {
			isa = PBXGroup;
			children = (
				5545DC211CEC9310008C8945 /* WeTalk */,
				5545DC361CEC9310008C8945 /* WeTalkUITests */,
				5545DC201CEC9310008C8945 /* Products */,
				002C72EC6D0AB0B2DC0F2227 /* Pods */,
				233718E3AF3C298FE49F4056 /* Frameworks */,
			);
			sourceTree = "<group>";
		};
		5545DC201CEC9310008C8945 /* Products */ = {
			isa = PBXGroup;
			children = (
				5545DC1F1CEC9310008C8945 /* WeTalk.app */,
				5545DC331CEC9310008C8945 /* WeTalkUITests.xctest */,
			);
			name = Products;
			sourceTree = "<group>";
		};
		5545DC211CEC9310008C8945 /* WeTalk */ = {
			isa = PBXGroup;
			children = (
				5545DC431CEC9AF7008C8945 /* View */,
				5545DC421CEC9AEF008C8945 /* Controller */,
				5545DC221CEC9310008C8945 /* AppDelegate.swift */,
				5545DC261CEC9310008C8945 /* Main.storyboard */,
				5545DC291CEC9310008C8945 /* Assets.xcassets */,
				5545DC2B1CEC9310008C8945 /* LaunchScreen.storyboard */,
				5545DC2E1CEC9310008C8945 /* Info.plist */,
			);
			path = WeTalk;
			sourceTree = "<group>";
		};
		5545DC361CEC9310008C8945 /* WeTalkUITests */ = {
			isa = PBXGroup;
			children = (
				5545DC371CEC9310008C8945 /* WeTalkUITests.swift */,
				5545DC391CEC9310008C8945 /* Info.plist */,
			);
			path = WeTalkUITests;
			sourceTree = "<group>";
		};
		5545DC421CEC9AEF008C8945 /* Controller */ = {
			isa = PBXGroup;
			children = (
				5545DC441CEC9B1B008C8945 /* TalkListController.swift */,
				5545DC4A1CECA1C3008C8945 /* ContactListController.swift */,
				5545DC4C1CECA1D5008C8945 /* FriendCircleController.swift */,
				551020C11CFEFA530095DCEF /* TalkController.swift */,
			);
			name = Controller;
			sourceTree = "<group>";
		};
		5545DC431CEC9AF7008C8945 /* View */ = {
			isa = PBXGroup;
			children = (
				5545DC461CEC9D60008C8945 /* TalkListCell.swift */,
				5545DC4E1CECAFCE008C8945 /* ContactListCell.swift */,
				550932431D020E540062A7B1 /* ReceiveCell.swift */,
				550932451D020E650062A7B1 /* SendCell.swift */,
				550932471D056B840062A7B1 /* FriendCircleCell.swift */,
			);
			name = View;
			sourceTree = "<group>";
		};
/* End PBXGroup section */

/* Begin PBXNativeTarget section */
		5545DC1E1CEC9310008C8945 /* WeTalk */ = {
			isa = PBXNativeTarget;
			buildConfigurationList = 5545DC3C1CEC9310008C8945 /* Build configuration list for PBXNativeTarget "WeTalk" */;
			buildPhases = (
				59D8AF3E7FC9F91EAF1A20D3 /* Check Pods Manifest.lock */,
				5545DC1B1CEC9310008C8945 /* Sources */,
				5545DC1C1CEC9310008C8945 /* Frameworks */,
				5545DC1D1CEC9310008C8945 /* Resources */,
				07B2D1A3D8228D15DB5711B9 /* Embed Pods Frameworks */,
				5B57BE964EDE6CA41E9F4D7F /* Copy Pods Resources */,
			);
			buildRules = (
			);
			dependencies = (
			);
			name = WeTalk;
			productName = WeTalk;
			productReference = 5545DC1F1CEC9310008C8945 /* WeTalk.app */;
			productType = "com.apple.product-type.application";
		};
		5545DC321CEC9310008C8945 /* WeTalkUITests */ = {
			isa = PBXNativeTarget;
			buildConfigurationList = 5545DC3F1CEC9310008C8945 /* Build configuration list for PBXNativeTarget "WeTalkUITests" */;
			buildPhases = (
				5545DC2F1CEC9310008C8945 /* Sources */,
				5545DC301CEC9310008C8945 /* Frameworks */,
				5545DC311CEC9310008C8945 /* Resources */,
			);
			buildRules = (
			);
			dependencies = (
				5545DC351CEC9310008C8945 /* PBXTargetDependency */,
			);
			name = WeTalkUITests;
			productName = WeTalkUITests;
			productReference = 5545DC331CEC9310008C8945 /* WeTalkUITests.xctest */;
			productType = "com.apple.product-type.bundle.ui-testing";
		};
/* End PBXNativeTarget section */

/* Begin PBXProject section */
		5545DC171CEC9310008C8945 /* Project object */ = {
			isa = PBXProject;
			attributes = {
				LastSwiftUpdateCheck = 0730;
				LastUpgradeCheck = 0730;
				ORGANIZATIONNAME = iOSCourse;
				TargetAttributes = {
					5545DC1E1CEC9310008C8945 = {
						CreatedOnToolsVersion = 7.3.1;
					};
					5545DC321CEC9310008C8945 = {
						CreatedOnToolsVersion = 7.3.1;
						TestTargetID = 5545DC1E1CEC9310008C8945;
					};
				};
			};
			buildConfigurationList = 5545DC1A1CEC9310008C8945 /* Build configuration list for PBXProject "WeTalk" */;
			compatibilityVersion = "Xcode 3.2";
			developmentRegion = English;
			hasScannedForEncodings = 0;
			knownRegions = (
				en,
				Base,
			);
			mainGroup = 5545DC161CEC9310008C8945;
			productRefGroup = 5545DC201CEC9310008C8945 /* Products */;
			projectDirPath = "";
			projectRoot = "";
			targets = (
				5545DC1E1CEC9310008C8945 /* WeTalk */,
				5545DC321CEC9310008C8945 /* WeTalkUITests */,
			);
		};
/* End PBXProject section */

/* Begin PBXResourcesBuildPhase section */
		5545DC1D1CEC9310008C8945 /* Resources */ = {
			isa = PBXResourcesBuildPhase;
			buildActionMask = 2147483647;
			files = (
				5545DC2D1CEC9310008C8945 /* LaunchScreen.storyboard in Resources */,
				5545DC2A1CEC9310008C8945 /* Assets.xcassets in Resources */,
				5545DC281CEC9310008C8945 /* Main.storyboard in Resources */,
			);
			runOnlyForDeploymentPostprocessing = 0;
		};
		5545DC311CEC9310008C8945 /* Resources */ = {
			isa = PBXResourcesBuildPhase;
			buildActionMask = 2147483647;
			files = (
			);
			runOnlyForDeploymentPostprocessing = 0;
		};
/* End PBXResourcesBuildPhase section */

/* Begin PBXShellScriptBuildPhase section */
		07B2D1A3D8228D15DB5711B9 /* Embed Pods Frameworks */ = {
			isa = PBXShellScriptBuildPhase;
			buildActionMask = 2147483647;
			files = (
			);
			inputPaths = (
			);
			name = "Embed Pods Frameworks";
			outputPaths = (
			);
			runOnlyForDeploymentPostprocessing = 0;
			shellPath = /bin/sh;
			shellScript = "\"${SRCROOT}/Pods/Target Support Files/Pods-WeTalk/Pods-WeTalk-frameworks.sh\"\n";
			showEnvVarsInLog = 0;
		};
		59D8AF3E7FC9F91EAF1A20D3 /* Check Pods Manifest.lock */ = {
			isa = PBXShellScriptBuildPhase;
			buildActionMask = 2147483647;
			files = (
			);
			inputPaths = (
			);
			name = "Check Pods Manifest.lock";
			outputPaths = (
			);
			runOnlyForDeploymentPostprocessing = 0;
			shellPath = /bin/sh;
			shellScript = "diff \"${PODS_ROOT}/../Podfile.lock\" \"${PODS_ROOT}/Manifest.lock\" > /dev/null\nif [[ $? != 0 ]] ; then\n    cat << EOM\nerror: The sandbox is not in sync with the Podfile.lock. Run 'pod install' or update your CocoaPods installation.\nEOM\n    exit 1\nfi\n";
			showEnvVarsInLog = 0;
		};
		5B57BE964EDE6CA41E9F4D7F /* Copy Pods Resources */ = {
			isa = PBXShellScriptBuildPhase;
			buildActionMask = 2147483647;
			files = (
			);
			inputPaths = (
			);
			name = "Copy Pods Resources";
			outputPaths = (
			);
			runOnlyForDeploymentPostprocessing = 0;
			shellPath = /bin/sh;
			shellScript = "\"${SRCROOT}/Pods/Target Support Files/Pods-WeTalk/Pods-WeTalk-resources.sh\"\n";
			showEnvVarsInLog = 0;
		};
/* End PBXShellScriptBuildPhase section */

/* Begin PBXSourcesBuildPhase section */
		5545DC1B1CEC9310008C8945 /* Sources */ = {
			isa = PBXSourcesBuildPhase;
			buildActionMask = 2147483647;
			files = (
				550932461D020E650062A7B1 /* SendCell.swift in Sources */,
				5545DC501CECAFCE008C8945 /* ContactListCell.swift in Sources */,
				5545DC481CEC9D60008C8945 /* TalkListCell.swift in Sources */,
				5545DC4D1CECA1D5008C8945 /* FriendCircleController.swift in Sources */,
				551020C21CFEFA530095DCEF /* TalkController.swift in Sources */,
				5545DC231CEC9310008C8945 /* AppDelegate.swift in Sources */,
				5545DC4B1CECA1C3008C8945 /* ContactListController.swift in Sources */,
				550932481D056B840062A7B1 /* FriendCircleCell.swift in Sources */,
				5545DC451CEC9B1B008C8945 /* TalkListController.swift in Sources */,
				550932441D020E540062A7B1 /* ReceiveCell.swift in Sources */,
			);
			runOnlyForDeploymentPostprocessing = 0;
		};
		5545DC2F1CEC9310008C8945 /* Sources */ = {
			isa = PBXSourcesBuildPhase;
			buildActionMask = 2147483647;
			files = (
				5545DC381CEC9310008C8945 /* WeTalkUITests.swift in Sources */,
			);
			runOnlyForDeploymentPostprocessing = 0;
		};
/* End PBXSourcesBuildPhase section */

/* Begin PBXTargetDependency section */
		5545DC351CEC9310008C8945 /* PBXTargetDependency */ = {
			isa = PBXTargetDependency;
			target = 5545DC1E1CEC9310008C8945 /* WeTalk */;
			targetProxy = 5545DC341CEC9310008C8945 /* PBXContainerItemProxy */;
		};
/* End PBXTargetDependency section */

/* Begin PBXVariantGroup section */
		5545DC261CEC9310008C8945 /* Main.storyboard */ = {
			isa = PBXVariantGroup;
			children = (
				5545DC271CEC9310008C8945 /* Base */,
			);
			name = Main.storyboard;
			sourceTree = "<group>";
		};
		5545DC2B1CEC9310008C8945 /* LaunchScreen.storyboard */ = {
			isa = PBXVariantGroup;
			children = (
				5545DC2C1CEC9310008C8945 /* Base */,
			);
			name = LaunchScreen.storyboard;
			sourceTree = "<group>";
		};
/* End PBXVariantGroup section */

/* Begin XCBuildConfiguration section */
		5545DC3A1CEC9310008C8945 /* Debug */ = {
			isa = XCBuildConfiguration;
			buildSettings = {
				ALWAYS_SEARCH_USER_PATHS = NO;
				CLANG_ANALYZER_NONNULL = YES;
				CLANG_CXX_LANGUAGE_STANDARD = "gnu++0x";
				CLANG_CXX_LIBRARY = "libc++";
				CLANG_ENABLE_MODULES = YES;
				CLANG_ENABLE_OBJC_ARC = YES;
				CLANG_WARN_BOOL_CONVERSION = YES;
				CLANG_WARN_CONSTANT_CONVERSION = YES;
				CLANG_WARN_DIRECT_OBJC_ISA_USAGE = YES_ERROR;
				CLANG_WARN_EMPTY_BODY = YES;
				CLANG_WARN_ENUM_CONVERSION = YES;
				CLANG_WARN_INT_CONVERSION = YES;
				CLANG_WARN_OBJC_ROOT_CLASS = YES_ERROR;
				CLANG_WARN_UNREACHABLE_CODE = YES;
				CLANG_WARN__DUPLICATE_METHOD_MATCH = YES;
				"CODE_SIGN_IDENTITY[sdk=iphoneos*]" = "iPhone Developer";
				COPY_PHASE_STRIP = NO;
				DEBUG_INFORMATION_FORMAT = dwarf;
				ENABLE_STRICT_OBJC_MSGSEND = YES;
				ENABLE_TESTABILITY = YES;
				GCC_C_LANGUAGE_STANDARD = gnu99;
				GCC_DYNAMIC_NO_PIC = NO;
				GCC_NO_COMMON_BLOCKS = YES;
				GCC_OPTIMIZATION_LEVEL = 0;
				GCC_PREPROCESSOR_DEFINITIONS = (
					"DEBUG=1",
					"$(inherited)",
				);
				GCC_WARN_64_TO_32_BIT_CONVERSION = YES;
				GCC_WARN_ABOUT_RETURN_TYPE = YES_ERROR;
				GCC_WARN_UNDECLARED_SELECTOR = YES;
				GCC_WARN_UNINITIALIZED_AUTOS = YES_AGGRESSIVE;
				GCC_WARN_UNUSED_FUNCTION = YES;
				GCC_WARN_UNUSED_VARIABLE = YES;
				IPHONEOS_DEPLOYMENT_TARGET = 9.3;
				MTL_ENABLE_DEBUG_INFO = YES;
				ONLY_ACTIVE_ARCH = YES;
				SDKROOT = iphoneos;
				SWIFT_OPTIMIZATION_LEVEL = "-Onone";
				TARGETED_DEVICE_FAMILY = "1,2";
			};
			name = Debug;
		};
		5545DC3B1CEC9310008C8945 /* Release */ = {
			isa = XCBuildConfiguration;
			buildSettings = {
				ALWAYS_SEARCH_USER_PATHS = NO;
				CLANG_ANALYZER_NONNULL = YES;
				CLANG_CXX_LANGUAGE_STANDARD = "gnu++0x";
				CLANG_CXX_LIBRARY = "libc++";
				CLANG_ENABLE_MODULES = YES;
				CLANG_ENABLE_OBJC_ARC = YES;
				CLANG_WARN_BOOL_CONVERSION = YES;
				CLANG_WARN_CONSTANT_CONVERSION = YES;
				CLANG_WARN_DIRECT_OBJC_ISA_USAGE = YES_ERROR;
				CLANG_WARN_EMPTY_BODY = YES;
				CLANG_WARN_ENUM_CONVERSION = YES;
				CLANG_WARN_INT_CONVERSION = YES;
				CLANG_WARN_OBJC_ROOT_CLASS = YES_ERROR;
				CLANG_WARN_UNREACHABLE_CODE = YES;
				CLANG_WARN__DUPLICATE_METHOD_MATCH = YES;
				"CODE_SIGN_IDENTITY[sdk=iphoneos*]" = "iPhone Developer";
				COPY_PHASE_STRIP = NO;
				DEBUG_INFORMATION_FORMAT = "dwarf-with-dsym";
				ENABLE_NS_ASSERTIONS = NO;
				ENABLE_STRICT_OBJC_MSGSEND = YES;
				GCC_C_LANGUAGE_STANDARD = gnu99;
				GCC_NO_COMMON_BLOCKS = YES;
				GCC_WARN_64_TO_32_BIT_CONVERSION = YES;
				GCC_WARN_ABOUT_RETURN_TYPE = YES_ERROR;
				GCC_WARN_UNDECLARED_SELECTOR = YES;
				GCC_WARN_UNINITIALIZED_AUTOS = YES_AGGRESSIVE;
				GCC_WARN_UNUSED_FUNCTION = YES;
				GCC_WARN_UNUSED_VARIABLE = YES;
				IPHONEOS_DEPLOYMENT_TARGET = 9.3;
				MTL_ENABLE_DEBUG_INFO = NO;
				SDKROOT = iphoneos;
				TARGETED_DEVICE_FAMILY = "1,2";
				VALIDATE_PRODUCT = YES;
			};
			name = Release;
		};
		5545DC3D1CEC9310008C8945 /* Debug */ = {
			isa = XCBuildConfiguration;
			baseConfigurationReference = 2D77B0885F605E5AE7F9C780 /* Pods-WeTalk.debug.xcconfig */;
			buildSettings = {
				ASSETCATALOG_COMPILER_APPICON_NAME = AppIcon;
				INFOPLIST_FILE = WeTalk/Info.plist;
				IPHONEOS_DEPLOYMENT_TARGET = 9.0;
				LD_RUNPATH_SEARCH_PATHS = "$(inherited) @executable_path/Frameworks";
				PRODUCT_BUNDLE_IDENTIFIER = iOSCourse.WeTalk;
				PRODUCT_NAME = "$(TARGET_NAME)";
			};
			name = Debug;
		};
		5545DC3E1CEC9310008C8945 /* Release */ = {
			isa = XCBuildConfiguration;
			baseConfigurationReference = AC238FD222D90485966A47F6 /* Pods-WeTalk.release.xcconfig */;
			buildSettings = {
				ASSETCATALOG_COMPILER_APPICON_NAME = AppIcon;
				INFOPLIST_FILE = WeTalk/Info.plist;
				IPHONEOS_DEPLOYMENT_TARGET = 9.0;
				LD_RUNPATH_SEARCH_PATHS = "$(inherited) @executable_path/Frameworks";
				PRODUCT_BUNDLE_IDENTIFIER = iOSCourse.WeTalk;
				PRODUCT_NAME = "$(TARGET_NAME)";
			};
			name = Release;
		};
		5545DC401CEC9310008C8945 /* Debug */ = {
			isa = XCBuildConfiguration;
			buildSettings = {
				INFOPLIST_FILE = WeTalkUITests/Info.plist;
				LD_RUNPATH_SEARCH_PATHS = "$(inherited) @executable_path/Frameworks @loader_path/Frameworks";
				PRODUCT_BUNDLE_IDENTIFIER = iOSCourse.WeTalkUITests;
				PRODUCT_NAME = "$(TARGET_NAME)";
				TEST_TARGET_NAME = WeTalk;
			};
			name = Debug;
		};
		5545DC411CEC9310008C8945 /* Release */ = {
			isa = XCBuildConfiguration;
			buildSettings = {
				INFOPLIST_FILE = WeTalkUITests/Info.plist;
				LD_RUNPATH_SEARCH_PATHS = "$(inherited) @executable_path/Frameworks @loader_path/Frameworks";
				PRODUCT_BUNDLE_IDENTIFIER = iOSCourse.WeTalkUITests;
				PRODUCT_NAME = "$(TARGET_NAME)";
				TEST_TARGET_NAME = WeTalk;
			};
			name = Release;
		};
/* End XCBuildConfiguration section */

/* Begin XCConfigurationList section */
		5545DC1A1CEC9310008C8945 /* Build configuration list for PBXProject "WeTalk" */ = {
			isa = XCConfigurationList;
			buildConfigurations = (
				5545DC3A1CEC9310008C8945 /* Debug */,
				5545DC3B1CEC9310008C8945 /* Release */,
			);
			defaultConfigurationIsVisible = 0;
			defaultConfigurationName = Release;
		};
		5545DC3C1CEC9310008C8945 /* Build configuration list for PBXNativeTarget "WeTalk" */ = {
			isa = XCConfigurationList;
			buildConfigurations = (
				5545DC3D1CEC9310008C8945 /* Debug */,
				5545DC3E1CEC9310008C8945 /* Release */,
			);
			defaultConfigurationIsVisible = 0;
			defaultConfigurationName = Release;
		};
		5545DC3F1CEC9310008C8945 /* Build configuration list for PBXNativeTarget "WeTalkUITests" */ = {
			isa = XCConfigurationList;
			buildConfigurations = (
				5545DC401CEC9310008C8945 /* Debug */,
				5545DC411CEC9310008C8945 /* Release */,
			);
			defaultConfigurationIsVisible = 0;
			defaultConfigurationName = Release;
		};
/* End XCConfigurationList section */
	};
	rootObject = 5545DC171CEC9310008C8945 /* Project object */;
}
